
Microsoft Visual Studio Solution File, Format Version 12.00
# Visual Studio 15
VisualStudioVersion = 15.0.28307.779
MinimumVisualStudioVersion = 10.0.40219.1
Project("{9A19103F-16F7-4668-BE54-9A1E7A4F7556}") = "AllInOne Learning", "AllInOne Learning\AllInOne Learning.csproj", "{9D47E05E-40E4-48CC-9444-99294D5C0AEF}"
EndProject
Project("{9A19103F-16F7-4668-BE54-9A1E7A4F7556}") = "LearningDelegatesAndEvents", "LearningDelegatesAndEvents\LearningDelegatesAndEvents.csproj", "{F1EE4603-DEAA-4346-96FB-CCCA51D8779C}"
EndProject
Project("{9A19103F-16F7-4668-BE54-9A1E7A4F7556}") = "SingletonVsStatic", "SingletonVsStatic\SingletonVsStatic.csproj", "{9A41319A-91F5-4D87-9E8C-9D698F1E11E4}"
EndProject
Project("{9A19103F-16F7-4668-BE54-9A1E7A4F7556}") = "AsyncVsThread", "AsyncVsThread\AsyncVsThread.csproj", "{1A5F3F23-13DF-478B-977E-FE9BC300370F}"
EndProject
Project("{9A19103F-16F7-4668-BE54-9A1E7A4F7556}") = "LazyLoading", "LazyLoading\LazyLoading.csproj", "{00A7252C-4F30-49D8-8AB6-6747E626613F}"
EndProject
Project("{9A19103F-16F7-4668-BE54-9A1E7A4F7556}") = "Keywords", "Keywords\Keywords.csproj", "{39081B6E-2482-4E26-BF52-DD0CD6CE1AF3}"
EndProject
Project("{9A19103F-16F7-4668-BE54-9A1E7A4F7556}") = "Locks", "Locks\Locks.csproj", "{8B8720CF-7357-4D8E-8549-C3E62F7C118D}"
EndProject
Project("{FAE04EC0-301F-11D3-BF4B-00C04F79EFBC}") = "Deadlock", "Deadlock\Deadlock.csproj", "{0D2B38AB-A221-410B-A5D1-3B19E5A0D38D}"
EndProject
Project("{FAE04EC0-301F-11D3-BF4B-00C04F79EFBC}") = "Interlocked_locking", "Interlocked_locking\Interlocked_locking.csproj", "{F93F5267-88F4-43A1-87E0-91E1F404F848}"
EndProject
Global
	GlobalSection(SolutionConfigurationPlatforms) = preSolution
		Debug|Any CPU = Debug|Any CPU
		Release|Any CPU = Release|Any CPU
	EndGlobalSection
	GlobalSection(ProjectConfigurationPlatforms) = postSolution
		{9D47E05E-40E4-48CC-9444-99294D5C0AEF}.Debug|Any CPU.ActiveCfg = Debug|Any CPU
		{9D47E05E-40E4-48CC-9444-99294D5C0AEF}.Debug|Any CPU.Build.0 = Debug|Any CPU
		{9D47E05E-40E4-48CC-9444-99294D5C0AEF}.Release|Any CPU.ActiveCfg = Release|Any CPU
		{9D47E05E-40E4-48CC-9444-99294D5C0AEF}.Release|Any CPU.Build.0 = Release|Any CPU
		{F1EE4603-DEAA-4346-96FB-CCCA51D8779C}.Debug|Any CPU.ActiveCfg = Debug|Any CPU
		{F1EE4603-DEAA-4346-96FB-CCCA51D8779C}.Debug|Any CPU.Build.0 = Debug|Any CPU
		{F1EE4603-DEAA-4346-96FB-CCCA51D8779C}.Release|Any CPU.ActiveCfg = Release|Any CPU
		{F1EE4603-DEAA-4346-96FB-CCCA51D8779C}.Release|Any CPU.Build.0 = Release|Any CPU
		{9A41319A-91F5-4D87-9E8C-9D698F1E11E4}.Debug|Any CPU.ActiveCfg = Debug|Any CPU
		{9A41319A-91F5-4D87-9E8C-9D698F1E11E4}.Debug|Any CPU.Build.0 = Debug|Any CPU
		{9A41319A-91F5-4D87-9E8C-9D698F1E11E4}.Release|Any CPU.ActiveCfg = Release|Any CPU
		{9A41319A-91F5-4D87-9E8C-9D698F1E11E4}.Release|Any CPU.Build.0 = Release|Any CPU
		{1A5F3F23-13DF-478B-977E-FE9BC300370F}.Debug|Any CPU.ActiveCfg = Debug|Any CPU
		{1A5F3F23-13DF-478B-977E-FE9BC300370F}.Debug|Any CPU.Build.0 = Debug|Any CPU
		{1A5F3F23-13DF-478B-977E-FE9BC300370F}.Release|Any CPU.ActiveCfg = Release|Any CPU
		{1A5F3F23-13DF-478B-977E-FE9BC300370F}.Release|Any CPU.Build.0 = Release|Any CPU
		{00A7252C-4F30-49D8-8AB6-6747E626613F}.Debug|Any CPU.ActiveCfg = Debug|Any CPU
		{00A7252C-4F30-49D8-8AB6-6747E626613F}.Debug|Any CPU.Build.0 = Debug|Any CPU
		{00A7252C-4F30-49D8-8AB6-6747E626613F}.Release|Any CPU.ActiveCfg = Release|Any CPU
		{00A7252C-4F30-49D8-8AB6-6747E626613F}.Release|Any CPU.Build.0 = Release|Any CPU
		{39081B6E-2482-4E26-BF52-DD0CD6CE1AF3}.Debug|Any CPU.ActiveCfg = Debug|Any CPU
		{39081B6E-2482-4E26-BF52-DD0CD6CE1AF3}.Debug|Any CPU.Build.0 = Debug|Any CPU
		{39081B6E-2482-4E26-BF52-DD0CD6CE1AF3}.Release|Any CPU.ActiveCfg = Release|Any CPU
		{39081B6E-2482-4E26-BF52-DD0CD6CE1AF3}.Release|Any CPU.Build.0 = Release|Any CPU
		{8B8720CF-7357-4D8E-8549-C3E62F7C118D}.Debug|Any CPU.ActiveCfg = Debug|Any CPU
		{8B8720CF-7357-4D8E-8549-C3E62F7C118D}.Debug|Any CPU.Build.0 = Debug|Any CPU
		{8B8720CF-7357-4D8E-8549-C3E62F7C118D}.Release|Any CPU.ActiveCfg = Release|Any CPU
		{8B8720CF-7357-4D8E-8549-C3E62F7C118D}.Release|Any CPU.Build.0 = Release|Any CPU
		{0D2B38AB-A221-410B-A5D1-3B19E5A0D38D}.Debug|Any CPU.ActiveCfg = Debug|Any CPU
		{0D2B38AB-A221-410B-A5D1-3B19E5A0D38D}.Debug|Any CPU.Build.0 = Debug|Any CPU
		{0D2B38AB-A221-410B-A5D1-3B19E5A0D38D}.Release|Any CPU.ActiveCfg = Release|Any CPU
		{0D2B38AB-A221-410B-A5D1-3B19E5A0D38D}.Release|Any CPU.Build.0 = Release|Any CPU
		{F93F5267-88F4-43A1-87E0-91E1F404F848}.Debug|Any CPU.ActiveCfg = Debug|Any CPU
		{F93F5267-88F4-43A1-87E0-91E1F404F848}.Debug|Any CPU.Build.0 = Debug|Any CPU
		{F93F5267-88F4-43A1-87E0-91E1F404F848}.Release|Any CPU.ActiveCfg = Release|Any CPU
		{F93F5267-88F4-43A1-87E0-91E1F404F848}.Release|Any CPU.Build.0 = Release|Any CPU
	EndGlobalSection
	GlobalSection(SolutionProperties) = preSolution
		HideSolutionNode = FALSE
	EndGlobalSection
	GlobalSection(ExtensibilityGlobals) = postSolution
		SolutionGuid = {1532B54E-CBAA-4125-9328-913ED4450FF7}
	EndGlobalSection
EndGlobal
